{
  "name": "crossfire-mcp",
  "version": "0.1.1",
  "lockfileVersion": 3,
  "requires": true,
  "packages": {
    "": {
      "name": "crossfire-mcp",
      "version": "0.1.1",
      "hasInstallScript": true,
      "license": "MIT",
      "bin": {
        "crossfire": "bin/cli.js",
        "crossfire-mcp": "bin/cli.js",
        "crossfire-proxy": "bin/proxy-entry.js"
      },
      "engines": {
        "node": ">=18"
      }
    }
  }
}
